
Microsoft Visual Studio Solution File, Format Version 12.00
# Visual Studio Version 16
VisualStudioVersion = 25.0.1703.5
MinimumVisualStudioVersion = 10.0.40219.1
Project("{FAE04EC0-301F-11D3-BF4B-00C04F79EFBC}") = "BookshopClient", "BookshopClient.csproj", "{A963C2DB-C6DC-4EA7-B791-DBA2E09ADA13}"
EndProject
Global
	GlobalSection(SolutionConfigurationPlatforms) = preSolution
		Debug|Any CPU = Debug|Any CPU
		Release|Any CPU = Release|Any CPU
	EndGlobalSection
	GlobalSection(ProjectConfigurationPlatforms) = postSolution
		{A963C2DB-C6DC-4EA7-B791-DBA2E09ADA13}.Debug|Any CPU.ActiveCfg = Debug|Any CPU
		{A963C2DB-C6DC-4EA7-B791-DBA2E09ADA13}.Debug|Any CPU.Build.0 = Debug|Any CPU
		{A963C2DB-C6DC-4EA7-B791-DBA2E09ADA13}.Release|Any CPU.ActiveCfg = Release|Any CPU
		{A963C2DB-C6DC-4EA7-B791-DBA2E09ADA13}.Release|Any CPU.Build.0 = Release|Any CPU
	EndGlobalSection
	GlobalSection(SolutionProperties) = preSolution
		HideSolutionNode = FALSE
	EndGlobalSection
	GlobalSection(ExtensibilityGlobals) = postSolution
		SolutionGuid = {58C1E775-756D-406A-9A3E-64C12C3963D8}
	EndGlobalSection
EndGlobal
