
Microsoft Visual Studio Solution File, Format Version 12.00
# Visual Studio Version 16
VisualStudioVersion = 25.0.1703.5
MinimumVisualStudioVersion = 10.0.40219.1
Project("{FAE04EC0-301F-11D3-BF4B-00C04F79EFBC}") = "BookshopServer", "BookshopServer.csproj", "{33C92C33-9F7B-49FB-9A8A-63F2BF1DFE15}"
EndProject
Global
	GlobalSection(SolutionConfigurationPlatforms) = preSolution
		Debug|Any CPU = Debug|Any CPU
		Release|Any CPU = Release|Any CPU
	EndGlobalSection
	GlobalSection(ProjectConfigurationPlatforms) = postSolution
		{33C92C33-9F7B-49FB-9A8A-63F2BF1DFE15}.Debug|Any CPU.ActiveCfg = Debug|Any CPU
		{33C92C33-9F7B-49FB-9A8A-63F2BF1DFE15}.Debug|Any CPU.Build.0 = Debug|Any CPU
		{33C92C33-9F7B-49FB-9A8A-63F2BF1DFE15}.Release|Any CPU.ActiveCfg = Release|Any CPU
		{33C92C33-9F7B-49FB-9A8A-63F2BF1DFE15}.Release|Any CPU.Build.0 = Release|Any CPU
	EndGlobalSection
	GlobalSection(SolutionProperties) = preSolution
		HideSolutionNode = FALSE
	EndGlobalSection
	GlobalSection(ExtensibilityGlobals) = postSolution
		SolutionGuid = {D516AEB8-C19D-4DA0-93A0-6B71DD629A50}
	EndGlobalSection
EndGlobal
